
Microsoft Visual Studio Solution File, Format Version 12.00
# Visual Studio Version 17
VisualStudioVersion = 17.1.32328.378
MinimumVisualStudioVersion = 10.0.40219.1
Project("{FAE04EC0-301F-11D3-BF4B-00C04F79EFBC}") = "ShopOnline.Web", "ShopOnline.Web\ShopOnline.Web.csproj", "{095E77D7-176F-43C3-937C-E419D7899D72}"
EndProject
Project("{FAE04EC0-301F-11D3-BF4B-00C04F79EFBC}") = "ShopOnline.Api", "ShopOnline.Api\ShopOnline.Api.csproj", "{79442FD2-93DD-4F4D-97E0-875590CE9DDC}"
EndProject
Project("{FAE04EC0-301F-11D3-BF4B-00C04F79EFBC}") = "ShopOnline.Models", "ShopOnline.Models\ShopOnline.Models.csproj", "{5784539A-0BF3-4D47-A80C-9DC6AA770AF6}"
EndProject
Global
	GlobalSection(SolutionConfigurationPlatforms) = preSolution
		Debug|Any CPU = Debug|Any CPU
		Release|Any CPU = Release|Any CPU
	EndGlobalSection
	GlobalSection(ProjectConfigurationPlatforms) = postSolution
		{095E77D7-176F-43C3-937C-E419D7899D72}.Debug|Any CPU.ActiveCfg = Debug|Any CPU
		{095E77D7-176F-43C3-937C-E419D7899D72}.Debug|Any CPU.Build.0 = Debug|Any CPU
		{095E77D7-176F-43C3-937C-E419D7899D72}.Release|Any CPU.ActiveCfg = Release|Any CPU
		{095E77D7-176F-43C3-937C-E419D7899D72}.Release|Any CPU.Build.0 = Release|Any CPU
		{79442FD2-93DD-4F4D-97E0-875590CE9DDC}.Debug|Any CPU.ActiveCfg = Debug|Any CPU
		{79442FD2-93DD-4F4D-97E0-875590CE9DDC}.Debug|Any CPU.Build.0 = Debug|Any CPU
		{79442FD2-93DD-4F4D-97E0-875590CE9DDC}.Release|Any CPU.ActiveCfg = Release|Any CPU
		{79442FD2-93DD-4F4D-97E0-875590CE9DDC}.Release|Any CPU.Build.0 = Release|Any CPU
		{5784539A-0BF3-4D47-A80C-9DC6AA770AF6}.Debug|Any CPU.ActiveCfg = Debug|Any CPU
		{5784539A-0BF3-4D47-A80C-9DC6AA770AF6}.Debug|Any CPU.Build.0 = Debug|Any CPU
		{5784539A-0BF3-4D47-A80C-9DC6AA770AF6}.Release|Any CPU.ActiveCfg = Release|Any CPU
		{5784539A-0BF3-4D47-A80C-9DC6AA770AF6}.Release|Any CPU.Build.0 = Release|Any CPU
	EndGlobalSection
	GlobalSection(SolutionProperties) = preSolution
		HideSolutionNode = FALSE
	EndGlobalSection
	GlobalSection(ExtensibilityGlobals) = postSolution
		SolutionGuid = {592910EB-4B99-4C2F-B143-FA71946A879F}
	EndGlobalSection
EndGlobal
